
Microsoft Visual Studio Solution File, Format Version 12.00
# Visual Studio Version 17
VisualStudioVersion = 17.2.32516.85
MinimumVisualStudioVersion = 10.0.40219.1
Project("{FAE04EC0-301F-11D3-BF4B-00C04F79EFBC}") = "Design_Pattern_Adapter", "Design_Pattern_Adapter.csproj", "{5F52E2D5-61DE-4EDE-BB01-F7C01B395484}"
EndProject
Global
	GlobalSection(SolutionConfigurationPlatforms) = preSolution
		Debug|Any CPU = Debug|Any CPU
		Release|Any CPU = Release|Any CPU
	EndGlobalSection
	GlobalSection(ProjectConfigurationPlatforms) = postSolution
		{5F52E2D5-61DE-4EDE-BB01-F7C01B395484}.Debug|Any CPU.ActiveCfg = Debug|Any CPU
		{5F52E2D5-61DE-4EDE-BB01-F7C01B395484}.Debug|Any CPU.Build.0 = Debug|Any CPU
		{5F52E2D5-61DE-4EDE-BB01-F7C01B395484}.Release|Any CPU.ActiveCfg = Release|Any CPU
		{5F52E2D5-61DE-4EDE-BB01-F7C01B395484}.Release|Any CPU.Build.0 = Release|Any CPU
	EndGlobalSection
	GlobalSection(SolutionProperties) = preSolution
		HideSolutionNode = FALSE
	EndGlobalSection
	GlobalSection(ExtensibilityGlobals) = postSolution
		SolutionGuid = {C42D3F0D-1EA7-4A2D-8596-2A25B70C7453}
	EndGlobalSection
EndGlobal
